
Microsoft Visual Studio Solution File, Format Version 12.00
# Visual Studio 15
VisualStudioVersion = 15.0.27004.2009
MinimumVisualStudioVersion = 10.0.40219.1
Project("{FAE04EC0-301F-11D3-BF4B-00C04F79EFBC}") = "Scott-Week11-ListDB", "Scott-Week11-ListDB\Scott-Week11-ListDB.csproj", "{C102B7FD-F4E5-4D32-AFF3-9298A76DBA86}"
EndProject
Global
	GlobalSection(SolutionConfigurationPlatforms) = preSolution
		Debug|Any CPU = Debug|Any CPU
		Release|Any CPU = Release|Any CPU
	EndGlobalSection
	GlobalSection(ProjectConfigurationPlatforms) = postSolution
		{C102B7FD-F4E5-4D32-AFF3-9298A76DBA86}.Debug|Any CPU.ActiveCfg = Debug|Any CPU
		{C102B7FD-F4E5-4D32-AFF3-9298A76DBA86}.Debug|Any CPU.Build.0 = Debug|Any CPU
		{C102B7FD-F4E5-4D32-AFF3-9298A76DBA86}.Release|Any CPU.ActiveCfg = Release|Any CPU
		{C102B7FD-F4E5-4D32-AFF3-9298A76DBA86}.Release|Any CPU.Build.0 = Release|Any CPU
	EndGlobalSection
	GlobalSection(SolutionProperties) = preSolution
		HideSolutionNode = FALSE
	EndGlobalSection
	GlobalSection(ExtensibilityGlobals) = postSolution
		SolutionGuid = {A1CFEA33-475D-4A2C-BFDF-0CAA74996E3D}
	EndGlobalSection
EndGlobal
