
Microsoft Visual Studio Solution File, Format Version 12.00
# Visual Studio 15
VisualStudioVersion = 15.0.26730.16
MinimumVisualStudioVersion = 10.0.40219.1
Project("{FAE04EC0-301F-11D3-BF4B-00C04F79EFBC}") = "Scott-Week6-Project2", "Scott-Week6-Project2\Scott-Week6-Project2.csproj", "{868443E3-0FAC-4724-ABC7-5FC23F67B474}"
EndProject
Global
	GlobalSection(SolutionConfigurationPlatforms) = preSolution
		Debug|Any CPU = Debug|Any CPU
		Release|Any CPU = Release|Any CPU
	EndGlobalSection
	GlobalSection(ProjectConfigurationPlatforms) = postSolution
		{868443E3-0FAC-4724-ABC7-5FC23F67B474}.Debug|Any CPU.ActiveCfg = Debug|Any CPU
		{868443E3-0FAC-4724-ABC7-5FC23F67B474}.Debug|Any CPU.Build.0 = Debug|Any CPU
		{868443E3-0FAC-4724-ABC7-5FC23F67B474}.Release|Any CPU.ActiveCfg = Release|Any CPU
		{868443E3-0FAC-4724-ABC7-5FC23F67B474}.Release|Any CPU.Build.0 = Release|Any CPU
	EndGlobalSection
	GlobalSection(SolutionProperties) = preSolution
		HideSolutionNode = FALSE
	EndGlobalSection
	GlobalSection(ExtensibilityGlobals) = postSolution
		SolutionGuid = {7BD5E7CF-E1C4-4784-AAAD-A5F880A02C11}
	EndGlobalSection
EndGlobal
