
Microsoft Visual Studio Solution File, Format Version 12.00
# Visual Studio 15
VisualStudioVersion = 15.0.26730.12
MinimumVisualStudioVersion = 10.0.40219.1
Project("{FAE04EC0-301F-11D3-BF4B-00C04F79EFBC}") = "Scott-Week2 Project", "Scott-Week2 Project\Scott-Week2 Project.csproj", "{81536D81-CDE5-4489-8C54-106293BA6EF3}"
EndProject
Global
	GlobalSection(SolutionConfigurationPlatforms) = preSolution
		Debug|Any CPU = Debug|Any CPU
		Release|Any CPU = Release|Any CPU
	EndGlobalSection
	GlobalSection(ProjectConfigurationPlatforms) = postSolution
		{81536D81-CDE5-4489-8C54-106293BA6EF3}.Debug|Any CPU.ActiveCfg = Debug|Any CPU
		{81536D81-CDE5-4489-8C54-106293BA6EF3}.Debug|Any CPU.Build.0 = Debug|Any CPU
		{81536D81-CDE5-4489-8C54-106293BA6EF3}.Release|Any CPU.ActiveCfg = Release|Any CPU
		{81536D81-CDE5-4489-8C54-106293BA6EF3}.Release|Any CPU.Build.0 = Release|Any CPU
	EndGlobalSection
	GlobalSection(SolutionProperties) = preSolution
		HideSolutionNode = FALSE
	EndGlobalSection
	GlobalSection(ExtensibilityGlobals) = postSolution
		SolutionGuid = {C45CE38E-DEAA-4EF8-80D7-68FA4137EAA1}
	EndGlobalSection
EndGlobal
