
Microsoft Visual Studio Solution File, Format Version 12.00
# Visual Studio 15
VisualStudioVersion = 15.0.26730.16
MinimumVisualStudioVersion = 10.0.40219.1
Project("{FAE04EC0-301F-11D3-BF4B-00C04F79EFBC}") = "Scott-Week4-Project3", "Scott-Week4-Project3\Scott-Week4-Project3.csproj", "{1A139E2C-FB5B-4F43-8D8A-B343741B945F}"
EndProject
Global
	GlobalSection(SolutionConfigurationPlatforms) = preSolution
		Debug|Any CPU = Debug|Any CPU
		Release|Any CPU = Release|Any CPU
	EndGlobalSection
	GlobalSection(ProjectConfigurationPlatforms) = postSolution
		{1A139E2C-FB5B-4F43-8D8A-B343741B945F}.Debug|Any CPU.ActiveCfg = Debug|Any CPU
		{1A139E2C-FB5B-4F43-8D8A-B343741B945F}.Debug|Any CPU.Build.0 = Debug|Any CPU
		{1A139E2C-FB5B-4F43-8D8A-B343741B945F}.Release|Any CPU.ActiveCfg = Release|Any CPU
		{1A139E2C-FB5B-4F43-8D8A-B343741B945F}.Release|Any CPU.Build.0 = Release|Any CPU
	EndGlobalSection
	GlobalSection(SolutionProperties) = preSolution
		HideSolutionNode = FALSE
	EndGlobalSection
	GlobalSection(ExtensibilityGlobals) = postSolution
		SolutionGuid = {7D774E9B-E3BA-44A5-90B9-F3968C1BABDD}
	EndGlobalSection
EndGlobal
