
Microsoft Visual Studio Solution File, Format Version 12.00
# Visual Studio 15
VisualStudioVersion = 15.0.27130.2036
MinimumVisualStudioVersion = 10.0.40219.1
Project("{FAE04EC0-301F-11D3-BF4B-00C04F79EFBC}") = "StephanScott_Unit6", "StephanScott_Unit6\StephanScott_Unit6.csproj", "{6983B183-D352-42A9-A663-71D32B083A59}"
EndProject
Global
	GlobalSection(SolutionConfigurationPlatforms) = preSolution
		Debug|Any CPU = Debug|Any CPU
		Release|Any CPU = Release|Any CPU
	EndGlobalSection
	GlobalSection(ProjectConfigurationPlatforms) = postSolution
		{6983B183-D352-42A9-A663-71D32B083A59}.Debug|Any CPU.ActiveCfg = Debug|Any CPU
		{6983B183-D352-42A9-A663-71D32B083A59}.Debug|Any CPU.Build.0 = Debug|Any CPU
		{6983B183-D352-42A9-A663-71D32B083A59}.Release|Any CPU.ActiveCfg = Release|Any CPU
		{6983B183-D352-42A9-A663-71D32B083A59}.Release|Any CPU.Build.0 = Release|Any CPU
	EndGlobalSection
	GlobalSection(SolutionProperties) = preSolution
		HideSolutionNode = FALSE
	EndGlobalSection
	GlobalSection(ExtensibilityGlobals) = postSolution
		SolutionGuid = {850437B1-C019-4BE8-B340-2195B9FD5E82}
	EndGlobalSection
EndGlobal
