
Microsoft Visual Studio Solution File, Format Version 12.00
# Visual Studio 15
VisualStudioVersion = 15.0.27004.2005
MinimumVisualStudioVersion = 10.0.40219.1
Project("{FAE04EC0-301F-11D3-BF4B-00C04F79EFBC}") = "Scott-Week9-Project1", "Scott-Week9-Project1\Scott-Week9-Project1.csproj", "{FFA9E0B4-939C-49A3-80FC-5CAB6F501113}"
EndProject
Global
	GlobalSection(SolutionConfigurationPlatforms) = preSolution
		Debug|Any CPU = Debug|Any CPU
		Release|Any CPU = Release|Any CPU
	EndGlobalSection
	GlobalSection(ProjectConfigurationPlatforms) = postSolution
		{FFA9E0B4-939C-49A3-80FC-5CAB6F501113}.Debug|Any CPU.ActiveCfg = Debug|Any CPU
		{FFA9E0B4-939C-49A3-80FC-5CAB6F501113}.Debug|Any CPU.Build.0 = Debug|Any CPU
		{FFA9E0B4-939C-49A3-80FC-5CAB6F501113}.Release|Any CPU.ActiveCfg = Release|Any CPU
		{FFA9E0B4-939C-49A3-80FC-5CAB6F501113}.Release|Any CPU.Build.0 = Release|Any CPU
	EndGlobalSection
	GlobalSection(SolutionProperties) = preSolution
		HideSolutionNode = FALSE
	EndGlobalSection
	GlobalSection(ExtensibilityGlobals) = postSolution
		SolutionGuid = {CF2A282B-E092-4617-8E4E-A86D24433D0E}
	EndGlobalSection
EndGlobal
