
Microsoft Visual Studio Solution File, Format Version 12.00
# Visual Studio 15
VisualStudioVersion = 15.0.27004.2006
MinimumVisualStudioVersion = 10.0.40219.1
Project("{FAE04EC0-301F-11D3-BF4B-00C04F79EFBC}") = "Scott-Week9-Project4", "Scott-Week9-Project4\Scott-Week9-Project4.csproj", "{77054BDE-5CC8-41FB-97C5-699D5A321ED2}"
EndProject
Global
	GlobalSection(SolutionConfigurationPlatforms) = preSolution
		Debug|Any CPU = Debug|Any CPU
		Release|Any CPU = Release|Any CPU
	EndGlobalSection
	GlobalSection(ProjectConfigurationPlatforms) = postSolution
		{77054BDE-5CC8-41FB-97C5-699D5A321ED2}.Debug|Any CPU.ActiveCfg = Debug|Any CPU
		{77054BDE-5CC8-41FB-97C5-699D5A321ED2}.Debug|Any CPU.Build.0 = Debug|Any CPU
		{77054BDE-5CC8-41FB-97C5-699D5A321ED2}.Release|Any CPU.ActiveCfg = Release|Any CPU
		{77054BDE-5CC8-41FB-97C5-699D5A321ED2}.Release|Any CPU.Build.0 = Release|Any CPU
	EndGlobalSection
	GlobalSection(SolutionProperties) = preSolution
		HideSolutionNode = FALSE
	EndGlobalSection
	GlobalSection(ExtensibilityGlobals) = postSolution
		SolutionGuid = {903C12BC-F1E7-4AB1-9CD1-CE7C18B96BA4}
	EndGlobalSection
EndGlobal
