
Microsoft Visual Studio Solution File, Format Version 12.00
# Visual Studio 15
VisualStudioVersion = 15.0.26730.12
MinimumVisualStudioVersion = 10.0.40219.1
Project("{FAE04EC0-301F-11D3-BF4B-00C04F79EFBC}") = "Scott-Week3-Project", "Scott-Week3-Project\Scott-Week3-Project.csproj", "{C532AC69-A40E-417D-8D4B-85B3857DF083}"
EndProject
Global
	GlobalSection(SolutionConfigurationPlatforms) = preSolution
		Debug|Any CPU = Debug|Any CPU
		Release|Any CPU = Release|Any CPU
	EndGlobalSection
	GlobalSection(ProjectConfigurationPlatforms) = postSolution
		{C532AC69-A40E-417D-8D4B-85B3857DF083}.Debug|Any CPU.ActiveCfg = Debug|Any CPU
		{C532AC69-A40E-417D-8D4B-85B3857DF083}.Debug|Any CPU.Build.0 = Debug|Any CPU
		{C532AC69-A40E-417D-8D4B-85B3857DF083}.Release|Any CPU.ActiveCfg = Release|Any CPU
		{C532AC69-A40E-417D-8D4B-85B3857DF083}.Release|Any CPU.Build.0 = Release|Any CPU
	EndGlobalSection
	GlobalSection(SolutionProperties) = preSolution
		HideSolutionNode = FALSE
	EndGlobalSection
	GlobalSection(ExtensibilityGlobals) = postSolution
		SolutionGuid = {F6A41D8B-7242-4A65-B2AC-BBBBF324C680}
	EndGlobalSection
EndGlobal
