
Microsoft Visual Studio Solution File, Format Version 12.00
# Visual Studio 15
VisualStudioVersion = 15.0.26730.16
MinimumVisualStudioVersion = 10.0.40219.1
Project("{FAE04EC0-301F-11D3-BF4B-00C04F79EFBC}") = "Scott-Week3_ProProb2", "Scott-Week3_ProProb2\Scott-Week3_ProProb2.csproj", "{98834383-51E7-44BE-912A-1BF42BD4CF47}"
EndProject
Global
	GlobalSection(SolutionConfigurationPlatforms) = preSolution
		Debug|Any CPU = Debug|Any CPU
		Release|Any CPU = Release|Any CPU
	EndGlobalSection
	GlobalSection(ProjectConfigurationPlatforms) = postSolution
		{98834383-51E7-44BE-912A-1BF42BD4CF47}.Debug|Any CPU.ActiveCfg = Debug|Any CPU
		{98834383-51E7-44BE-912A-1BF42BD4CF47}.Debug|Any CPU.Build.0 = Debug|Any CPU
		{98834383-51E7-44BE-912A-1BF42BD4CF47}.Release|Any CPU.ActiveCfg = Release|Any CPU
		{98834383-51E7-44BE-912A-1BF42BD4CF47}.Release|Any CPU.Build.0 = Release|Any CPU
	EndGlobalSection
	GlobalSection(SolutionProperties) = preSolution
		HideSolutionNode = FALSE
	EndGlobalSection
	GlobalSection(ExtensibilityGlobals) = postSolution
		SolutionGuid = {93F070B7-97FA-43CC-8A43-B7D860FB2818}
	EndGlobalSection
EndGlobal
