
Microsoft Visual Studio Solution File, Format Version 12.00
# Visual Studio 15
VisualStudioVersion = 15.0.27004.2002
MinimumVisualStudioVersion = 10.0.40219.1
Project("{FAE04EC0-301F-11D3-BF4B-00C04F79EFBC}") = "Scott-Week7-Project8", "Scott-Week7-Project8\Scott-Week7-Project8.csproj", "{FF1838E5-19CF-4AE6-9124-A4C06035033D}"
EndProject
Global
	GlobalSection(SolutionConfigurationPlatforms) = preSolution
		Debug|Any CPU = Debug|Any CPU
		Release|Any CPU = Release|Any CPU
	EndGlobalSection
	GlobalSection(ProjectConfigurationPlatforms) = postSolution
		{FF1838E5-19CF-4AE6-9124-A4C06035033D}.Debug|Any CPU.ActiveCfg = Debug|Any CPU
		{FF1838E5-19CF-4AE6-9124-A4C06035033D}.Debug|Any CPU.Build.0 = Debug|Any CPU
		{FF1838E5-19CF-4AE6-9124-A4C06035033D}.Release|Any CPU.ActiveCfg = Release|Any CPU
		{FF1838E5-19CF-4AE6-9124-A4C06035033D}.Release|Any CPU.Build.0 = Release|Any CPU
	EndGlobalSection
	GlobalSection(SolutionProperties) = preSolution
		HideSolutionNode = FALSE
	EndGlobalSection
	GlobalSection(ExtensibilityGlobals) = postSolution
		SolutionGuid = {91EFE512-0D0A-4A86-BABF-27CE4AA96C0B}
	EndGlobalSection
EndGlobal
