
Microsoft Visual Studio Solution File, Format Version 12.00
# Visual Studio 15
VisualStudioVersion = 15.0.26730.16
MinimumVisualStudioVersion = 10.0.40219.1
Project("{FAE04EC0-301F-11D3-BF4B-00C04F79EFBC}") = "Scott-Week6-Project4", "Scott-Week6-Project4\Scott-Week6-Project4.csproj", "{E72AD9A1-1B38-4E17-8012-55D78BC748EC}"
EndProject
Global
	GlobalSection(SolutionConfigurationPlatforms) = preSolution
		Debug|Any CPU = Debug|Any CPU
		Release|Any CPU = Release|Any CPU
	EndGlobalSection
	GlobalSection(ProjectConfigurationPlatforms) = postSolution
		{E72AD9A1-1B38-4E17-8012-55D78BC748EC}.Debug|Any CPU.ActiveCfg = Debug|Any CPU
		{E72AD9A1-1B38-4E17-8012-55D78BC748EC}.Debug|Any CPU.Build.0 = Debug|Any CPU
		{E72AD9A1-1B38-4E17-8012-55D78BC748EC}.Release|Any CPU.ActiveCfg = Release|Any CPU
		{E72AD9A1-1B38-4E17-8012-55D78BC748EC}.Release|Any CPU.Build.0 = Release|Any CPU
	EndGlobalSection
	GlobalSection(SolutionProperties) = preSolution
		HideSolutionNode = FALSE
	EndGlobalSection
	GlobalSection(ExtensibilityGlobals) = postSolution
		SolutionGuid = {48EDFF22-4BFE-4C61-9692-9B399926E930}
	EndGlobalSection
EndGlobal
