
Microsoft Visual Studio Solution File, Format Version 12.00
# Visual Studio 15
VisualStudioVersion = 15.0.27004.2002
MinimumVisualStudioVersion = 10.0.40219.1
Project("{FAE04EC0-301F-11D3-BF4B-00C04F79EFBC}") = "Scott-Week7-Project2", "Scott-Week7-Project2\Scott-Week7-Project2.csproj", "{444F38F5-6785-4012-A461-67340DA62953}"
EndProject
Global
	GlobalSection(SolutionConfigurationPlatforms) = preSolution
		Debug|Any CPU = Debug|Any CPU
		Release|Any CPU = Release|Any CPU
	EndGlobalSection
	GlobalSection(ProjectConfigurationPlatforms) = postSolution
		{444F38F5-6785-4012-A461-67340DA62953}.Debug|Any CPU.ActiveCfg = Debug|Any CPU
		{444F38F5-6785-4012-A461-67340DA62953}.Debug|Any CPU.Build.0 = Debug|Any CPU
		{444F38F5-6785-4012-A461-67340DA62953}.Release|Any CPU.ActiveCfg = Release|Any CPU
		{444F38F5-6785-4012-A461-67340DA62953}.Release|Any CPU.Build.0 = Release|Any CPU
	EndGlobalSection
	GlobalSection(SolutionProperties) = preSolution
		HideSolutionNode = FALSE
	EndGlobalSection
	GlobalSection(ExtensibilityGlobals) = postSolution
		SolutionGuid = {7E559B25-4A24-4029-B60E-BFAECE8E2B7A}
	EndGlobalSection
EndGlobal
